// !$*UTF8*$!
{
	archiveVersion = 1;
	classes = {
	};
	objectVersion = 50;
	objects = {

/* Begin PBXBuildFile section */
		2D34063F240D5A280082D17A /* AppDelegate.swift in Sources */ = {isa = PBXBuildFile; fileRef = 2D34063E240D5A280082D17A /* AppDelegate.swift */; };
		2D340641240D5A280082D17A /* SceneDelegate.swift in Sources */ = {isa = PBXBuildFile; fileRef = 2D340640240D5A280082D17A /* SceneDelegate.swift */; };
		2D340643240D5A280082D17A /* ViewController.swift in Sources */ = {isa = PBXBuildFile; fileRef = 2D340642240D5A280082D17A /* ViewController.swift */; };
		2D340646240D5A280082D17A /* Main.storyboard in Resources */ = {isa = PBXBuildFile; fileRef = 2D340644240D5A280082D17A /* Main.storyboard */; };
		2D340648240D5A2D0082D17A /* Assets.xcassets in Resources */ = {isa = PBXBuildFile; fileRef = 2D340647240D5A2D0082D17A /* Assets.xcassets */; };
		2D34064B240D5A2D0082D17A /* LaunchScreen.storyboard in Resources */ = {isa = PBXBuildFile; fileRef = 2D340649240D5A2D0082D17A /* LaunchScreen.storyboard */; };
		2D340667240D6A4A0082D17A /* TweetSentimentClassifier.mlmodel in Sources */ = {isa = PBXBuildFile; fileRef = 2D340666240D6A4A0082D17A /* TweetSentimentClassifier.mlmodel */; };
/* End PBXBuildFile section */

/* Begin PBXContainerItemProxy section */
		2DD2D15024106C47000BB90C /* PBXContainerItemProxy */ = {
			isa = PBXContainerItemProxy;
			containerPortal = 2DD2D14824106C46000BB90C /* Swifter.xcodeproj */;
			proxyType = 2;
			remoteGlobalIDString = 8B9F50EE1944A5AB00894629;
			remoteInfo = SwifteriOS;
		};
		2DD2D15224106C47000BB90C /* PBXContainerItemProxy */ = {
			isa = PBXContainerItemProxy;
			containerPortal = 2DD2D14824106C46000BB90C /* Swifter.xcodeproj */;
			proxyType = 2;
			remoteGlobalIDString = 8B9F51131944A61D00894629;
			remoteInfo = SwifterMac;
		};
		2DD2D15424106C47000BB90C /* PBXContainerItemProxy */ = {
			isa = PBXContainerItemProxy;
			containerPortal = 2DD2D14824106C46000BB90C /* Swifter.xcodeproj */;
			proxyType = 2;
			remoteGlobalIDString = 8B300C1F1944AA1A00993175;
			remoteInfo = SwifterDemoiOS;
		};
		2DD2D15624106C47000BB90C /* PBXContainerItemProxy */ = {
			isa = PBXContainerItemProxy;
			containerPortal = 2DD2D14824106C46000BB90C /* Swifter.xcodeproj */;
			proxyType = 2;
			remoteGlobalIDString = 8B300C471944AECB00993175;
			remoteInfo = SwifterDemoMac;
		};
		2DD2D15824106C47000BB90C /* PBXContainerItemProxy */ = {
			isa = PBXContainerItemProxy;
			containerPortal = 2DD2D14824106C46000BB90C /* Swifter.xcodeproj */;
			proxyType = 2;
			remoteGlobalIDString = F6B4D5751C7BAC4500E06514;
			remoteInfo = SwifterTests;
		};
		2DD2D15A24106C6E000BB90C /* PBXContainerItemProxy */ = {
			isa = PBXContainerItemProxy;
			containerPortal = 2DD2D14824106C46000BB90C /* Swifter.xcodeproj */;
			proxyType = 1;
			remoteGlobalIDString = 8B9F50ED1944A5AB00894629;
			remoteInfo = SwifteriOS;
		};
/* End PBXContainerItemProxy section */

/* Begin PBXCopyFilesBuildPhase section */
		2D3406D2240D785D0082D17A /* CopyFiles */ = {
			isa = PBXCopyFilesBuildPhase;
			buildActionMask = 2147483647;
			dstPath = "";
			dstSubfolderSpec = 10;
			files = (
			);
			runOnlyForDeploymentPostprocessing = 0;
		};
/* End PBXCopyFilesBuildPhase section */

/* Begin PBXFileReference section */
		2D34063B240D5A280082D17A /* Twitter SentimentAnalysis.app */ = {isa = PBXFileReference; explicitFileType = wrapper.application; includeInIndex = 0; path = "Twitter SentimentAnalysis.app"; sourceTree = BUILT_PRODUCTS_DIR; };
		2D34063E240D5A280082D17A /* AppDelegate.swift */ = {isa = PBXFileReference; lastKnownFileType = sourcecode.swift; path = AppDelegate.swift; sourceTree = "<group>"; };
		2D340640240D5A280082D17A /* SceneDelegate.swift */ = {isa = PBXFileReference; lastKnownFileType = sourcecode.swift; path = SceneDelegate.swift; sourceTree = "<group>"; };
		2D340642240D5A280082D17A /* ViewController.swift */ = {isa = PBXFileReference; lastKnownFileType = sourcecode.swift; path = ViewController.swift; sourceTree = "<group>"; };
		2D340645240D5A280082D17A /* Base */ = {isa = PBXFileReference; lastKnownFileType = file.storyboard; name = Base; path = Base.lproj/Main.storyboard; sourceTree = "<group>"; };
		2D340647240D5A2D0082D17A /* Assets.xcassets */ = {isa = PBXFileReference; lastKnownFileType = folder.assetcatalog; path = Assets.xcassets; sourceTree = "<group>"; };
		2D34064A240D5A2D0082D17A /* Base */ = {isa = PBXFileReference; lastKnownFileType = file.storyboard; name = Base; path = Base.lproj/LaunchScreen.storyboard; sourceTree = "<group>"; };
		2D34064C240D5A2D0082D17A /* Info.plist */ = {isa = PBXFileReference; lastKnownFileType = text.plist.xml; path = Info.plist; sourceTree = "<group>"; };
		2D340666240D6A4A0082D17A /* TweetSentimentClassifier.mlmodel */ = {isa = PBXFileReference; lastKnownFileType = file.mlmodel; path = TweetSentimentClassifier.mlmodel; sourceTree = "<group>"; };
		2DD2D14824106C46000BB90C /* Swifter.xcodeproj */ = {isa = PBXFileReference; lastKnownFileType = "wrapper.pb-project"; name = Swifter.xcodeproj; path = "Swifter-master/Swifter.xcodeproj"; sourceTree = "<group>"; };
/* End PBXFileReference section */

/* Begin PBXFrameworksBuildPhase section */
		2D340638240D5A280082D17A /* Frameworks */ = {
			isa = PBXFrameworksBuildPhase;
			buildActionMask = 2147483647;
			files = (
			);
			runOnlyForDeploymentPostprocessing = 0;
		};
/* End PBXFrameworksBuildPhase section */

/* Begin PBXGroup section */
		2D340632240D5A280082D17A = {
			isa = PBXGroup;
			children = (
				2DD2D14824106C46000BB90C /* Swifter.xcodeproj */,
				2D34063D240D5A280082D17A /* Twitter SentimentAnalysis */,
				2D34063C240D5A280082D17A /* Products */,
			);
			sourceTree = "<group>";
		};
		2D34063C240D5A280082D17A /* Products */ = {
			isa = PBXGroup;
			children = (
				2D34063B240D5A280082D17A /* Twitter SentimentAnalysis.app */,
			);
			name = Products;
			sourceTree = "<group>";
		};
		2D34063D240D5A280082D17A /* Twitter SentimentAnalysis */ = {
			isa = PBXGroup;
			children = (
				2D34063E240D5A280082D17A /* AppDelegate.swift */,
				2D340640240D5A280082D17A /* SceneDelegate.swift */,
				2D340642240D5A280082D17A /* ViewController.swift */,
				2D340644240D5A280082D17A /* Main.storyboard */,
				2D340647240D5A2D0082D17A /* Assets.xcassets */,
				2D340649240D5A2D0082D17A /* LaunchScreen.storyboard */,
				2D34064C240D5A2D0082D17A /* Info.plist */,
				2D340666240D6A4A0082D17A /* TweetSentimentClassifier.mlmodel */,
			);
			path = "Twitter SentimentAnalysis";
			sourceTree = "<group>";
		};
		2DD2D14924106C46000BB90C /* Products */ = {
			isa = PBXGroup;
			children = (
				2DD2D15124106C47000BB90C /* SwifteriOS.framework */,
				2DD2D15324106C47000BB90C /* SwifterMac.framework */,
				2DD2D15524106C47000BB90C /* SwifterDemoiOS.app */,
				2DD2D15724106C47000BB90C /* SwifterDemoMac.app */,
				2DD2D15924106C47000BB90C /* SwifterTests.xctest */,
			);
			name = Products;
			sourceTree = "<group>";
		};
/* End PBXGroup section */

/* Begin PBXNativeTarget section */
		2D34063A240D5A280082D17A /* Twitter SentimentAnalysis */ = {
			isa = PBXNativeTarget;
			buildConfigurationList = 2D34064F240D5A2D0082D17A /* Build configuration list for PBXNativeTarget "Twitter SentimentAnalysis" */;
			buildPhases = (
				2D340637240D5A280082D17A /* Sources */,
				2D340638240D5A280082D17A /* Frameworks */,
				2D340639240D5A280082D17A /* Resources */,
				2D3406D2240D785D0082D17A /* CopyFiles */,
			);
			buildRules = (
			);
			dependencies = (
				2DD2D15B24106C6E000BB90C /* PBXTargetDependency */,
			);
			name = "Twitter SentimentAnalysis";
			productName = "Twitter SentimentAnalysis";
			productReference = 2D34063B240D5A280082D17A /* Twitter SentimentAnalysis.app */;
			productType = "com.apple.product-type.application";
		};
/* End PBXNativeTarget section */

/* Begin PBXProject section */
		2D340633240D5A280082D17A /* Project object */ = {
			isa = PBXProject;
			attributes = {
				LastSwiftUpdateCheck = 1130;
				LastUpgradeCheck = 1130;
				ORGANIZATIONNAME = albertopasca.it;
				TargetAttributes = {
					2D34063A240D5A280082D17A = {
						CreatedOnToolsVersion = 11.3.1;
					};
				};
			};
			buildConfigurationList = 2D340636240D5A280082D17A /* Build configuration list for PBXProject "Twitter SentimentAnalysis" */;
			compatibilityVersion = "Xcode 9.3";
			developmentRegion = en;
			hasScannedForEncodings = 0;
			knownRegions = (
				en,
				Base,
			);
			mainGroup = 2D340632240D5A280082D17A;
			productRefGroup = 2D34063C240D5A280082D17A /* Products */;
			projectDirPath = "";
			projectReferences = (
				{
					ProductGroup = 2DD2D14924106C46000BB90C /* Products */;
					ProjectRef = 2DD2D14824106C46000BB90C /* Swifter.xcodeproj */;
				},
			);
			projectRoot = "";
			targets = (
				2D34063A240D5A280082D17A /* Twitter SentimentAnalysis */,
			);
		};
/* End PBXProject section */

/* Begin PBXReferenceProxy section */
		2DD2D15124106C47000BB90C /* SwifteriOS.framework */ = {
			isa = PBXReferenceProxy;
			fileType = wrapper.framework;
			path = SwifteriOS.framework;
			remoteRef = 2DD2D15024106C47000BB90C /* PBXContainerItemProxy */;
			sourceTree = BUILT_PRODUCTS_DIR;
		};
		2DD2D15324106C47000BB90C /* SwifterMac.framework */ = {
			isa = PBXReferenceProxy;
			fileType = wrapper.framework;
			path = SwifterMac.framework;
			remoteRef = 2DD2D15224106C47000BB90C /* PBXContainerItemProxy */;
			sourceTree = BUILT_PRODUCTS_DIR;
		};
		2DD2D15524106C47000BB90C /* SwifterDemoiOS.app */ = {
			isa = PBXReferenceProxy;
			fileType = wrapper.application;
			path = SwifterDemoiOS.app;
			remoteRef = 2DD2D15424106C47000BB90C /* PBXContainerItemProxy */;
			sourceTree = BUILT_PRODUCTS_DIR;
		};
		2DD2D15724106C47000BB90C /* SwifterDemoMac.app */ = {
			isa = PBXReferenceProxy;
			fileType = wrapper.application;
			path = SwifterDemoMac.app;
			remoteRef = 2DD2D15624106C47000BB90C /* PBXContainerItemProxy */;
			sourceTree = BUILT_PRODUCTS_DIR;
		};
		2DD2D15924106C47000BB90C /* SwifterTests.xctest */ = {
			isa = PBXReferenceProxy;
			fileType = wrapper.cfbundle;
			path = SwifterTests.xctest;
			remoteRef = 2DD2D15824106C47000BB90C /* PBXContainerItemProxy */;
			sourceTree = BUILT_PRODUCTS_DIR;
		};
/* End PBXReferenceProxy section */

/* Begin PBXResourcesBuildPhase section */
		2D340639240D5A280082D17A /* Resources */ = {
			isa = PBXResourcesBuildPhase;
			buildActionMask = 2147483647;
			files = (
				2D34064B240D5A2D0082D17A /* LaunchScreen.storyboard in Resources */,
				2D340648240D5A2D0082D17A /* Assets.xcassets in Resources */,
				2D340646240D5A280082D17A /* Main.storyboard in Resources */,
			);
			runOnlyForDeploymentPostprocessing = 0;
		};
/* End PBXResourcesBuildPhase section */

/* Begin PBXSourcesBuildPhase section */
		2D340637240D5A280082D17A /* Sources */ = {
			isa = PBXSourcesBuildPhase;
			buildActionMask = 2147483647;
			files = (
				2D340643240D5A280082D17A /* ViewController.swift in Sources */,
				2D34063F240D5A280082D17A /* AppDelegate.swift in Sources */,
				2D340667240D6A4A0082D17A /* TweetSentimentClassifier.mlmodel in Sources */,
				2D340641240D5A280082D17A /* SceneDelegate.swift in Sources */,
			);
			runOnlyForDeploymentPostprocessing = 0;
		};
/* End PBXSourcesBuildPhase section */

/* Begin PBXTargetDependency section */
		2DD2D15B24106C6E000BB90C /* PBXTargetDependency */ = {
			isa = PBXTargetDependency;
			name = SwifteriOS;
			targetProxy = 2DD2D15A24106C6E000BB90C /* PBXContainerItemProxy */;
		};
/* End PBXTargetDependency section */

/* Begin PBXVariantGroup section */
		2D340644240D5A280082D17A /* Main.storyboard */ = {
			isa = PBXVariantGroup;
			children = (
				2D340645240D5A280082D17A /* Base */,
			);
			name = Main.storyboard;
			sourceTree = "<group>";
		};
		2D340649240D5A2D0082D17A /* LaunchScreen.storyboard */ = {
			isa = PBXVariantGroup;
			children = (
				2D34064A240D5A2D0082D17A /* Base */,
			);
			name = LaunchScreen.storyboard;
			sourceTree = "<group>";
		};
/* End PBXVariantGroup section */

/* Begin XCBuildConfiguration section */
		2D34064D240D5A2D0082D17A /* Debug */ = {
			isa = XCBuildConfiguration;
			buildSettings = {
				ALWAYS_SEARCH_USER_PATHS = NO;
				CLANG_ANALYZER_NONNULL = YES;
				CLANG_ANALYZER_NUMBER_OBJECT_CONVERSION = YES_AGGRESSIVE;
				CLANG_CXX_LANGUAGE_STANDARD = "gnu++14";
				CLANG_CXX_LIBRARY = "libc++";
				CLANG_ENABLE_MODULES = YES;
				CLANG_ENABLE_OBJC_ARC = YES;
				CLANG_ENABLE_OBJC_WEAK = YES;
				CLANG_WARN_BLOCK_CAPTURE_AUTORELEASING = YES;
				CLANG_WARN_BOOL_CONVERSION = YES;
				CLANG_WARN_COMMA = YES;
				CLANG_WARN_CONSTANT_CONVERSION = YES;
				CLANG_WARN_DEPRECATED_OBJC_IMPLEMENTATIONS = YES;
				CLANG_WARN_DIRECT_OBJC_ISA_USAGE = YES_ERROR;
				CLANG_WARN_DOCUMENTATION_COMMENTS = YES;
				CLANG_WARN_EMPTY_BODY = YES;
				CLANG_WARN_ENUM_CONVERSION = YES;
				CLANG_WARN_INFINITE_RECURSION = YES;
				CLANG_WARN_INT_CONVERSION = YES;
				CLANG_WARN_NON_LITERAL_NULL_CONVERSION = YES;
				CLANG_WARN_OBJC_IMPLICIT_RETAIN_SELF = YES;
				CLANG_WARN_OBJC_LITERAL_CONVERSION = YES;
				CLANG_WARN_OBJC_ROOT_CLASS = YES_ERROR;
				CLANG_WARN_RANGE_LOOP_ANALYSIS = YES;
				CLANG_WARN_STRICT_PROTOTYPES = YES;
				CLANG_WARN_SUSPICIOUS_MOVE = YES;
				CLANG_WARN_UNGUARDED_AVAILABILITY = YES_AGGRESSIVE;
				CLANG_WARN_UNREACHABLE_CODE = YES;
				CLANG_WARN__DUPLICATE_METHOD_MATCH = YES;
				COPY_PHASE_STRIP = NO;
				DEBUG_INFORMATION_FORMAT = dwarf;
				ENABLE_STRICT_OBJC_MSGSEND = YES;
				ENABLE_TESTABILITY = YES;
				GCC_C_LANGUAGE_STANDARD = gnu11;
				GCC_DYNAMIC_NO_PIC = NO;
				GCC_NO_COMMON_BLOCKS = YES;
				GCC_OPTIMIZATION_LEVEL = 0;
				GCC_PREPROCESSOR_DEFINITIONS = (
					"DEBUG=1",
					"$(inherited)",
				);
				GCC_WARN_64_TO_32_BIT_CONVERSION = YES;
				GCC_WARN_ABOUT_RETURN_TYPE = YES_ERROR;
				GCC_WARN_UNDECLARED_SELECTOR = YES;
				GCC_WARN_UNINITIALIZED_AUTOS = YES_AGGRESSIVE;
				GCC_WARN_UNUSED_FUNCTION = YES;
				GCC_WARN_UNUSED_VARIABLE = YES;
				IPHONEOS_DEPLOYMENT_TARGET = 13.0;
				MTL_ENABLE_DEBUG_INFO = INCLUDE_SOURCE;
				MTL_FAST_MATH = YES;
				ONLY_ACTIVE_ARCH = YES;
				SDKROOT = iphoneos;
				SWIFT_ACTIVE_COMPILATION_CONDITIONS = DEBUG;
				SWIFT_OPTIMIZATION_LEVEL = "-Onone";
			};
			name = Debug;
		};
		2D34064E240D5A2D0082D17A /* Release */ = {
			isa = XCBuildConfiguration;
			buildSettings = {
				ALWAYS_SEARCH_USER_PATHS = NO;
				CLANG_ANALYZER_NONNULL = YES;
				CLANG_ANALYZER_NUMBER_OBJECT_CONVERSION = YES_AGGRESSIVE;
				CLANG_CXX_LANGUAGE_STANDARD = "gnu++14";
				CLANG_CXX_LIBRARY = "libc++";
				CLANG_ENABLE_MODULES = YES;
				CLANG_ENABLE_OBJC_ARC = YES;
				CLANG_ENABLE_OBJC_WEAK = YES;
				CLANG_WARN_BLOCK_CAPTURE_AUTORELEASING = YES;
				CLANG_WARN_BOOL_CONVERSION = YES;
				CLANG_WARN_COMMA = YES;
				CLANG_WARN_CONSTANT_CONVERSION = YES;
				CLANG_WARN_DEPRECATED_OBJC_IMPLEMENTATIONS = YES;
				CLANG_WARN_DIRECT_OBJC_ISA_USAGE = YES_ERROR;
				CLANG_WARN_DOCUMENTATION_COMMENTS = YES;
				CLANG_WARN_EMPTY_BODY = YES;
				CLANG_WARN_ENUM_CONVERSION = YES;
				CLANG_WARN_INFINITE_RECURSION = YES;
				CLANG_WARN_INT_CONVERSION = YES;
				CLANG_WARN_NON_LITERAL_NULL_CONVERSION = YES;
				CLANG_WARN_OBJC_IMPLICIT_RETAIN_SELF = YES;
				CLANG_WARN_OBJC_LITERAL_CONVERSION = YES;
				CLANG_WARN_OBJC_ROOT_CLASS = YES_ERROR;
				CLANG_WARN_RANGE_LOOP_ANALYSIS = YES;
				CLANG_WARN_STRICT_PROTOTYPES = YES;
				CLANG_WARN_SUSPICIOUS_MOVE = YES;
				CLANG_WARN_UNGUARDED_AVAILABILITY = YES_AGGRESSIVE;
				CLANG_WARN_UNREACHABLE_CODE = YES;
				CLANG_WARN__DUPLICATE_METHOD_MATCH = YES;
				COPY_PHASE_STRIP = NO;
				DEBUG_INFORMATION_FORMAT = "dwarf-with-dsym";
				ENABLE_NS_ASSERTIONS = NO;
				ENABLE_STRICT_OBJC_MSGSEND = YES;
				GCC_C_LANGUAGE_STANDARD = gnu11;
				GCC_NO_COMMON_BLOCKS = YES;
				GCC_WARN_64_TO_32_BIT_CONVERSION = YES;
				GCC_WARN_ABOUT_RETURN_TYPE = YES_ERROR;
				GCC_WARN_UNDECLARED_SELECTOR = YES;
				GCC_WARN_UNINITIALIZED_AUTOS = YES_AGGRESSIVE;
				GCC_WARN_UNUSED_FUNCTION = YES;
				GCC_WARN_UNUSED_VARIABLE = YES;
				IPHONEOS_DEPLOYMENT_TARGET = 13.0;
				MTL_ENABLE_DEBUG_INFO = NO;
				MTL_FAST_MATH = YES;
				SDKROOT = iphoneos;
				SWIFT_COMPILATION_MODE = wholemodule;
				SWIFT_OPTIMIZATION_LEVEL = "-O";
				VALIDATE_PRODUCT = YES;
			};
			name = Release;
		};
		2D340650240D5A2D0082D17A /* Debug */ = {
			isa = XCBuildConfiguration;
			buildSettings = {
				ASSETCATALOG_COMPILER_APPICON_NAME = AppIcon;
				CODE_SIGN_IDENTITY = "Apple Development";
				CODE_SIGN_STYLE = Manual;
				DEVELOPMENT_TEAM = "";
				INFOPLIST_FILE = "Twitter SentimentAnalysis/Info.plist";
				LD_RUNPATH_SEARCH_PATHS = (
					"$(inherited)",
					"@executable_path/Frameworks",
				);
				PRODUCT_BUNDLE_IDENTIFIER = "it.albertopasca.Twitter-SentimentAnalysis";
				PRODUCT_NAME = "$(TARGET_NAME)";
				PROVISIONING_PROFILE_SPECIFIER = "";
				SWIFT_VERSION = 5.0;
				TARGETED_DEVICE_FAMILY = "1,2";
			};
			name = Debug;
		};
		2D340651240D5A2D0082D17A /* Release */ = {
			isa = XCBuildConfiguration;
			buildSettings = {
				ASSETCATALOG_COMPILER_APPICON_NAME = AppIcon;
				CODE_SIGN_IDENTITY = "Apple Development";
				CODE_SIGN_STYLE = Manual;
				DEVELOPMENT_TEAM = "";
				INFOPLIST_FILE = "Twitter SentimentAnalysis/Info.plist";
				LD_RUNPATH_SEARCH_PATHS = (
					"$(inherited)",
					"@executable_path/Frameworks",
				);
				PRODUCT_BUNDLE_IDENTIFIER = "it.albertopasca.Twitter-SentimentAnalysis";
				PRODUCT_NAME = "$(TARGET_NAME)";
				PROVISIONING_PROFILE_SPECIFIER = "";
				SWIFT_VERSION = 5.0;
				TARGETED_DEVICE_FAMILY = "1,2";
			};
			name = Release;
		};
/* End XCBuildConfiguration section */

/* Begin XCConfigurationList section */
		2D340636240D5A280082D17A /* Build configuration list for PBXProject "Twitter SentimentAnalysis" */ = {
			isa = XCConfigurationList;
			buildConfigurations = (
				2D34064D240D5A2D0082D17A /* Debug */,
				2D34064E240D5A2D0082D17A /* Release */,
			);
			defaultConfigurationIsVisible = 0;
			defaultConfigurationName = Release;
		};
		2D34064F240D5A2D0082D17A /* Build configuration list for PBXNativeTarget "Twitter SentimentAnalysis" */ = {
			isa = XCConfigurationList;
			buildConfigurations = (
				2D340650240D5A2D0082D17A /* Debug */,
				2D340651240D5A2D0082D17A /* Release */,
			);
			defaultConfigurationIsVisible = 0;
			defaultConfigurationName = Release;
		};
/* End XCConfigurationList section */
	};
	rootObject = 2D340633240D5A280082D17A /* Project object */;
}
